# This file is automatically @generated by Cargo.
# It is not intended for manual editing.
version = 4

[[package]]
name = "kobeni"
version = "0.1.1"
dependencies = [
 "tany",
]

[[package]]
name = "tany"
version = "0.1.1"
source = "registry+https://github.com/rust-lang/crates.io-index"
checksum = "a33cfac9ec47f2dc7516e5d2aca6b18cae40a5d55a8f91fca397fdad43548170"
